// !$*UTF8*$!
{
	archiveVersion = 1;
	classes = {
	};
	objectVersion = 50;
	objects = {

/* Begin PBXBuildFile section */
		5133997C2390D349008E498B /* AppDelegate.swift in Sources */ = {isa = PBXBuildFile; fileRef = 5133997B2390D349008E498B /* AppDelegate.swift */; };
		5133997E2390D349008E498B /* SceneDelegate.swift in Sources */ = {isa = PBXBuildFile; fileRef = 5133997D2390D349008E498B /* SceneDelegate.swift */; };
		513399802390D349008E498B /* ViewController.swift in Sources */ = {isa = PBXBuildFile; fileRef = 5133997F2390D349008E498B /* ViewController.swift */; };
		513399832390D349008E498B /* Main.storyboard in Resources */ = {isa = PBXBuildFile; fileRef = 513399812390D349008E498B /* Main.storyboard */; };
		513399852390D351008E498B /* Assets.xcassets in Resources */ = {isa = PBXBuildFile; fileRef = 513399842390D351008E498B /* Assets.xcassets */; };
		513399882390D351008E498B /* LaunchScreen.storyboard in Resources */ = {isa = PBXBuildFile; fileRef = 513399862390D351008E498B /* LaunchScreen.storyboard */; };
		513399962390D3F2008E498B /* AppDelegate.swift in Sources */ = {isa = PBXBuildFile; fileRef = 513399952390D3F2008E498B /* AppDelegate.swift */; };
		513399982390D3F2008E498B /* SceneDelegate.swift in Sources */ = {isa = PBXBuildFile; fileRef = 513399972390D3F2008E498B /* SceneDelegate.swift */; };
		5133999A2390D3F2008E498B /* ViewController.swift in Sources */ = {isa = PBXBuildFile; fileRef = 513399992390D3F2008E498B /* ViewController.swift */; };
		5133999D2390D3F2008E498B /* Main.storyboard in Resources */ = {isa = PBXBuildFile; fileRef = 5133999B2390D3F2008E498B /* Main.storyboard */; };
		513399A22390D3F9008E498B /* LaunchScreen.storyboard in Resources */ = {isa = PBXBuildFile; fileRef = 513399A02390D3F9008E498B /* LaunchScreen.storyboard */; };
/* End PBXBuildFile section */

/* Begin PBXFileReference section */
		513399782390D349008E498B /* Artable.app */ = {isa = PBXFileReference; explicitFileType = wrapper.application; includeInIndex = 0; path = Artable.app; sourceTree = BUILT_PRODUCTS_DIR; };
		5133997B2390D349008E498B /* AppDelegate.swift */ = {isa = PBXFileReference; lastKnownFileType = sourcecode.swift; path = AppDelegate.swift; sourceTree = "<group>"; };
		5133997D2390D349008E498B /* SceneDelegate.swift */ = {isa = PBXFileReference; lastKnownFileType = sourcecode.swift; path = SceneDelegate.swift; sourceTree = "<group>"; };
		5133997F2390D349008E498B /* ViewController.swift */ = {isa = PBXFileReference; lastKnownFileType = sourcecode.swift; path = ViewController.swift; sourceTree = "<group>"; };
		513399822390D349008E498B /* Base */ = {isa = PBXFileReference; lastKnownFileType = file.storyboard; name = Base; path = Base.lproj/Main.storyboard; sourceTree = "<group>"; };
		513399842390D351008E498B /* Assets.xcassets */ = {isa = PBXFileReference; lastKnownFileType = folder.assetcatalog; path = Assets.xcassets; sourceTree = "<group>"; };
		513399872390D351008E498B /* Base */ = {isa = PBXFileReference; lastKnownFileType = file.storyboard; name = Base; path = Base.lproj/LaunchScreen.storyboard; sourceTree = "<group>"; };
		513399892390D351008E498B /* Info.plist */ = {isa = PBXFileReference; lastKnownFileType = text.plist.xml; path = Info.plist; sourceTree = "<group>"; };
		513399932390D3F2008E498B /* ArtableAdmin.app */ = {isa = PBXFileReference; explicitFileType = wrapper.application; includeInIndex = 0; path = ArtableAdmin.app; sourceTree = BUILT_PRODUCTS_DIR; };
		513399952390D3F2008E498B /* AppDelegate.swift */ = {isa = PBXFileReference; lastKnownFileType = sourcecode.swift; path = AppDelegate.swift; sourceTree = "<group>"; };
		513399972390D3F2008E498B /* SceneDelegate.swift */ = {isa = PBXFileReference; lastKnownFileType = sourcecode.swift; path = SceneDelegate.swift; sourceTree = "<group>"; };
		513399992390D3F2008E498B /* ViewController.swift */ = {isa = PBXFileReference; lastKnownFileType = sourcecode.swift; path = ViewController.swift; sourceTree = "<group>"; };
		5133999C2390D3F2008E498B /* Base */ = {isa = PBXFileReference; lastKnownFileType = file.storyboard; name = Base; path = Base.lproj/Main.storyboard; sourceTree = "<group>"; };
		513399A12390D3F9008E498B /* Base */ = {isa = PBXFileReference; lastKnownFileType = file.storyboard; name = Base; path = Base.lproj/LaunchScreen.storyboard; sourceTree = "<group>"; };
		513399A32390D3F9008E498B /* Info.plist */ = {isa = PBXFileReference; lastKnownFileType = text.plist.xml; path = Info.plist; sourceTree = "<group>"; };
/* End PBXFileReference section */

/* Begin PBXFrameworksBuildPhase section */
		513399752390D349008E498B /* Frameworks */ = {
			isa = PBXFrameworksBuildPhase;
			buildActionMask = 2147483647;
			files = (
			);
			runOnlyForDeploymentPostprocessing = 0;
		};
		513399902390D3F2008E498B /* Frameworks */ = {
			isa = PBXFrameworksBuildPhase;
			buildActionMask = 2147483647;
			files = (
			);
			runOnlyForDeploymentPostprocessing = 0;
		};
/* End PBXFrameworksBuildPhase section */

/* Begin PBXGroup section */
		5133996F2390D349008E498B = {
			isa = PBXGroup;
			children = (
				513399A72390D410008E498B /* Shared */,
				5133997A2390D349008E498B /* Artable */,
				513399942390D3F2008E498B /* ArtableAdmin */,
				513399792390D349008E498B /* Products */,
			);
			sourceTree = "<group>";
		};
		513399792390D349008E498B /* Products */ = {
			isa = PBXGroup;
			children = (
				513399782390D349008E498B /* Artable.app */,
				513399932390D3F2008E498B /* ArtableAdmin.app */,
			);
			name = Products;
			sourceTree = "<group>";
		};
		5133997A2390D349008E498B /* Artable */ = {
			isa = PBXGroup;
			children = (
				5133997B2390D349008E498B /* AppDelegate.swift */,
				5133997D2390D349008E498B /* SceneDelegate.swift */,
				5133997F2390D349008E498B /* ViewController.swift */,
				513399812390D349008E498B /* Main.storyboard */,
				513399862390D351008E498B /* LaunchScreen.storyboard */,
				513399892390D351008E498B /* Info.plist */,
			);
			path = Artable;
			sourceTree = "<group>";
		};
		513399942390D3F2008E498B /* ArtableAdmin */ = {
			isa = PBXGroup;
			children = (
				513399952390D3F2008E498B /* AppDelegate.swift */,
				513399972390D3F2008E498B /* SceneDelegate.swift */,
				513399992390D3F2008E498B /* ViewController.swift */,
				5133999B2390D3F2008E498B /* Main.storyboard */,
				513399A02390D3F9008E498B /* LaunchScreen.storyboard */,
				513399A32390D3F9008E498B /* Info.plist */,
			);
			path = ArtableAdmin;
			sourceTree = "<group>";
		};
		513399A72390D410008E498B /* Shared */ = {
			isa = PBXGroup;
			children = (
				513399842390D351008E498B /* Assets.xcassets */,
			);
			path = Shared;
			sourceTree = "<group>";
		};
/* End PBXGroup section */

/* Begin PBXNativeTarget section */
		513399772390D349008E498B /* Artable */ = {
			isa = PBXNativeTarget;
			buildConfigurationList = 5133998C2390D351008E498B /* Build configuration list for PBXNativeTarget "Artable" */;
			buildPhases = (
				513399742390D349008E498B /* Sources */,
				513399752390D349008E498B /* Frameworks */,
				513399762390D349008E498B /* Resources */,
			);
			buildRules = (
			);
			dependencies = (
			);
			name = Artable;
			productName = Artable;
			productReference = 513399782390D349008E498B /* Artable.app */;
			productType = "com.apple.product-type.application";
		};
		513399922390D3F2008E498B /* ArtableAdmin */ = {
			isa = PBXNativeTarget;
			buildConfigurationList = 513399A42390D3F9008E498B /* Build configuration list for PBXNativeTarget "ArtableAdmin" */;
			buildPhases = (
				5133998F2390D3F2008E498B /* Sources */,
				513399902390D3F2008E498B /* Frameworks */,
				513399912390D3F2008E498B /* Resources */,
			);
			buildRules = (
			);
			dependencies = (
			);
			name = ArtableAdmin;
			productName = ArtableAdmin;
			productReference = 513399932390D3F2008E498B /* ArtableAdmin.app */;
			productType = "com.apple.product-type.application";
		};
/* End PBXNativeTarget section */

/* Begin PBXProject section */
		513399702390D349008E498B /* Project object */ = {
			isa = PBXProject;
			attributes = {
				LastSwiftUpdateCheck = 1120;
				LastUpgradeCheck = 1120;
				ORGANIZATIONNAME = "Sandesh Shetty";
				TargetAttributes = {
					513399772390D349008E498B = {
						CreatedOnToolsVersion = 11.2.1;
					};
					513399922390D3F2008E498B = {
						CreatedOnToolsVersion = 11.2.1;
					};
				};
			};
			buildConfigurationList = 513399732390D349008E498B /* Build configuration list for PBXProject "Artable" */;
			compatibilityVersion = "Xcode 9.3";
			developmentRegion = en;
			hasScannedForEncodings = 0;
			knownRegions = (
				en,
				Base,
			);
			mainGroup = 5133996F2390D349008E498B;
			productRefGroup = 513399792390D349008E498B /* Products */;
			projectDirPath = "";
			projectRoot = "";
			targets = (
				513399772390D349008E498B /* Artable */,
				513399922390D3F2008E498B /* ArtableAdmin */,
			);
		};
/* End PBXProject section */

/* Begin PBXResourcesBuildPhase section */
		513399762390D349008E498B /* Resources */ = {
			isa = PBXResourcesBuildPhase;
			buildActionMask = 2147483647;
			files = (
				513399882390D351008E498B /* LaunchScreen.storyboard in Resources */,
				513399852390D351008E498B /* Assets.xcassets in Resources */,
				513399832390D349008E498B /* Main.storyboard in Resources */,
			);
			runOnlyForDeploymentPostprocessing = 0;
		};
		513399912390D3F2008E498B /* Resources */ = {
			isa = PBXResourcesBuildPhase;
			buildActionMask = 2147483647;
			files = (
				513399A22390D3F9008E498B /* LaunchScreen.storyboard in Resources */,
				5133999D2390D3F2008E498B /* Main.storyboard in Resources */,
			);
			runOnlyForDeploymentPostprocessing = 0;
		};
/* End PBXResourcesBuildPhase section */

/* Begin PBXSourcesBuildPhase section */
		513399742390D349008E498B /* Sources */ = {
			isa = PBXSourcesBuildPhase;
			buildActionMask = 2147483647;
			files = (
				513399802390D349008E498B /* ViewController.swift in Sources */,
				5133997C2390D349008E498B /* AppDelegate.swift in Sources */,
				5133997E2390D349008E498B /* SceneDelegate.swift in Sources */,
			);
			runOnlyForDeploymentPostprocessing = 0;
		};
		5133998F2390D3F2008E498B /* Sources */ = {
			isa = PBXSourcesBuildPhase;
			buildActionMask = 2147483647;
			files = (
				5133999A2390D3F2008E498B /* ViewController.swift in Sources */,
				513399962390D3F2008E498B /* AppDelegate.swift in Sources */,
				513399982390D3F2008E498B /* SceneDelegate.swift in Sources */,
			);
			runOnlyForDeploymentPostprocessing = 0;
		};
/* End PBXSourcesBuildPhase section */

/* Begin PBXVariantGroup section */
		513399812390D349008E498B /* Main.storyboard */ = {
			isa = PBXVariantGroup;
			children = (
				513399822390D349008E498B /* Base */,
			);
			name = Main.storyboard;
			sourceTree = "<group>";
		};
		513399862390D351008E498B /* LaunchScreen.storyboard */ = {
			isa = PBXVariantGroup;
			children = (
				513399872390D351008E498B /* Base */,
			);
			name = LaunchScreen.storyboard;
			sourceTree = "<group>";
		};
		5133999B2390D3F2008E498B /* Main.storyboard */ = {
			isa = PBXVariantGroup;
			children = (
				5133999C2390D3F2008E498B /* Base */,
			);
			name = Main.storyboard;
			sourceTree = "<group>";
		};
		513399A02390D3F9008E498B /* LaunchScreen.storyboard */ = {
			isa = PBXVariantGroup;
			children = (
				513399A12390D3F9008E498B /* Base */,
			);
			name = LaunchScreen.storyboard;
			sourceTree = "<group>";
		};
/* End PBXVariantGroup section */

/* Begin XCBuildConfiguration section */
		5133998A2390D351008E498B /* Debug */ = {
			isa = XCBuildConfiguration;
			buildSettings = {
				ALWAYS_SEARCH_USER_PATHS = NO;
				CLANG_ANALYZER_NONNULL = YES;
				CLANG_ANALYZER_NUMBER_OBJECT_CONVERSION = YES_AGGRESSIVE;
				CLANG_CXX_LANGUAGE_STANDARD = "gnu++14";
				CLANG_CXX_LIBRARY = "libc++";
				CLANG_ENABLE_MODULES = YES;
				CLANG_ENABLE_OBJC_ARC = YES;
				CLANG_ENABLE_OBJC_WEAK = YES;
				CLANG_WARN_BLOCK_CAPTURE_AUTORELEASING = YES;
				CLANG_WARN_BOOL_CONVERSION = YES;
				CLANG_WARN_COMMA = YES;
				CLANG_WARN_CONSTANT_CONVERSION = YES;
				CLANG_WARN_DEPRECATED_OBJC_IMPLEMENTATIONS = YES;
				CLANG_WARN_DIRECT_OBJC_ISA_USAGE = YES_ERROR;
				CLANG_WARN_DOCUMENTATION_COMMENTS = YES;
				CLANG_WARN_EMPTY_BODY = YES;
				CLANG_WARN_ENUM_CONVERSION = YES;
				CLANG_WARN_INFINITE_RECURSION = YES;
				CLANG_WARN_INT_CONVERSION = YES;
				CLANG_WARN_NON_LITERAL_NULL_CONVERSION = YES;
				CLANG_WARN_OBJC_IMPLICIT_RETAIN_SELF = YES;
				CLANG_WARN_OBJC_LITERAL_CONVERSION = YES;
				CLANG_WARN_OBJC_ROOT_CLASS = YES_ERROR;
				CLANG_WARN_RANGE_LOOP_ANALYSIS = YES;
				CLANG_WARN_STRICT_PROTOTYPES = YES;
				CLANG_WARN_SUSPICIOUS_MOVE = YES;
				CLANG_WARN_UNGUARDED_AVAILABILITY = YES_AGGRESSIVE;
				CLANG_WARN_UNREACHABLE_CODE = YES;
				CLANG_WARN__DUPLICATE_METHOD_MATCH = YES;
				COPY_PHASE_STRIP = NO;
				DEBUG_INFORMATION_FORMAT = dwarf;
				ENABLE_STRICT_OBJC_MSGSEND = YES;
				ENABLE_TESTABILITY = YES;
				GCC_C_LANGUAGE_STANDARD = gnu11;
				GCC_DYNAMIC_NO_PIC = NO;
				GCC_NO_COMMON_BLOCKS = YES;
				GCC_OPTIMIZATION_LEVEL = 0;
				GCC_PREPROCESSOR_DEFINITIONS = (
					"DEBUG=1",
					"$(inherited)",
				);
				GCC_WARN_64_TO_32_BIT_CONVERSION = YES;
				GCC_WARN_ABOUT_RETURN_TYPE = YES_ERROR;
				GCC_WARN_UNDECLARED_SELECTOR = YES;
				GCC_WARN_UNINITIALIZED_AUTOS = YES_AGGRESSIVE;
				GCC_WARN_UNUSED_FUNCTION = YES;
				GCC_WARN_UNUSED_VARIABLE = YES;
				IPHONEOS_DEPLOYMENT_TARGET = 13.2;
				MTL_ENABLE_DEBUG_INFO = INCLUDE_SOURCE;
				MTL_FAST_MATH = YES;
				ONLY_ACTIVE_ARCH = YES;
				SDKROOT = iphoneos;
				SWIFT_ACTIVE_COMPILATION_CONDITIONS = DEBUG;
				SWIFT_OPTIMIZATION_LEVEL = "-Onone";
			};
			name = Debug;
		};
		5133998B2390D351008E498B /* Release */ = {
			isa = XCBuildConfiguration;
			buildSettings = {
				ALWAYS_SEARCH_USER_PATHS = NO;
				CLANG_ANALYZER_NONNULL = YES;
				CLANG_ANALYZER_NUMBER_OBJECT_CONVERSION = YES_AGGRESSIVE;
				CLANG_CXX_LANGUAGE_STANDARD = "gnu++14";
				CLANG_CXX_LIBRARY = "libc++";
				CLANG_ENABLE_MODULES = YES;
				CLANG_ENABLE_OBJC_ARC = YES;
				CLANG_ENABLE_OBJC_WEAK = YES;
				CLANG_WARN_BLOCK_CAPTURE_AUTORELEASING = YES;
				CLANG_WARN_BOOL_CONVERSION = YES;
				CLANG_WARN_COMMA = YES;
				CLANG_WARN_CONSTANT_CONVERSION = YES;
				CLANG_WARN_DEPRECATED_OBJC_IMPLEMENTATIONS = YES;
				CLANG_WARN_DIRECT_OBJC_ISA_USAGE = YES_ERROR;
				CLANG_WARN_DOCUMENTATION_COMMENTS = YES;
				CLANG_WARN_EMPTY_BODY = YES;
				CLANG_WARN_ENUM_CONVERSION = YES;
				CLANG_WARN_INFINITE_RECURSION = YES;
				CLANG_WARN_INT_CONVERSION = YES;
				CLANG_WARN_NON_LITERAL_NULL_CONVERSION = YES;
				CLANG_WARN_OBJC_IMPLICIT_RETAIN_SELF = YES;
				CLANG_WARN_OBJC_LITERAL_CONVERSION = YES;
				CLANG_WARN_OBJC_ROOT_CLASS = YES_ERROR;
				CLANG_WARN_RANGE_LOOP_ANALYSIS = YES;
				CLANG_WARN_STRICT_PROTOTYPES = YES;
				CLANG_WARN_SUSPICIOUS_MOVE = YES;
				CLANG_WARN_UNGUARDED_AVAILABILITY = YES_AGGRESSIVE;
				CLANG_WARN_UNREACHABLE_CODE = YES;
				CLANG_WARN__DUPLICATE_METHOD_MATCH = YES;
				COPY_PHASE_STRIP = NO;
				DEBUG_INFORMATION_FORMAT = "dwarf-with-dsym";
				ENABLE_NS_ASSERTIONS = NO;
				ENABLE_STRICT_OBJC_MSGSEND = YES;
				GCC_C_LANGUAGE_STANDARD = gnu11;
				GCC_NO_COMMON_BLOCKS = YES;
				GCC_WARN_64_TO_32_BIT_CONVERSION = YES;
				GCC_WARN_ABOUT_RETURN_TYPE = YES_ERROR;
				GCC_WARN_UNDECLARED_SELECTOR = YES;
				GCC_WARN_UNINITIALIZED_AUTOS = YES_AGGRESSIVE;
				GCC_WARN_UNUSED_FUNCTION = YES;
				GCC_WARN_UNUSED_VARIABLE = YES;
				IPHONEOS_DEPLOYMENT_TARGET = 13.2;
				MTL_ENABLE_DEBUG_INFO = NO;
				MTL_FAST_MATH = YES;
				SDKROOT = iphoneos;
				SWIFT_COMPILATION_MODE = wholemodule;
				SWIFT_OPTIMIZATION_LEVEL = "-O";
				VALIDATE_PRODUCT = YES;
			};
			name = Release;
		};
		5133998D2390D351008E498B /* Debug */ = {
			isa = XCBuildConfiguration;
			buildSettings = {
				ASSETCATALOG_COMPILER_APPICON_NAME = AppIcon;
				CODE_SIGN_STYLE = Automatic;
				DEVELOPMENT_TEAM = KB252EFQWT;
				INFOPLIST_FILE = Artable/Info.plist;
				LD_RUNPATH_SEARCH_PATHS = (
					"$(inherited)",
					"@executable_path/Frameworks",
				);
				PRODUCT_BUNDLE_IDENTIFIER = com.sandeshshetty.Artable;
				PRODUCT_NAME = "$(TARGET_NAME)";
				SWIFT_VERSION = 5.0;
				TARGETED_DEVICE_FAMILY = "1,2";
			};
			name = Debug;
		};
		5133998E2390D351008E498B /* Release */ = {
			isa = XCBuildConfiguration;
			buildSettings = {
				ASSETCATALOG_COMPILER_APPICON_NAME = AppIcon;
				CODE_SIGN_STYLE = Automatic;
				DEVELOPMENT_TEAM = KB252EFQWT;
				INFOPLIST_FILE = Artable/Info.plist;
				LD_RUNPATH_SEARCH_PATHS = (
					"$(inherited)",
					"@executable_path/Frameworks",
				);
				PRODUCT_BUNDLE_IDENTIFIER = com.sandeshshetty.Artable;
				PRODUCT_NAME = "$(TARGET_NAME)";
				SWIFT_VERSION = 5.0;
				TARGETED_DEVICE_FAMILY = "1,2";
			};
			name = Release;
		};
		513399A52390D3F9008E498B /* Debug */ = {
			isa = XCBuildConfiguration;
			buildSettings = {
				ASSETCATALOG_COMPILER_APPICON_NAME = AppIcon;
				CODE_SIGN_STYLE = Automatic;
				DEVELOPMENT_TEAM = KB252EFQWT;
				INFOPLIST_FILE = ArtableAdmin/Info.plist;
				LD_RUNPATH_SEARCH_PATHS = (
					"$(inherited)",
					"@executable_path/Frameworks",
				);
				PRODUCT_BUNDLE_IDENTIFIER = com.sandeshshetty.ArtableAdmin;
				PRODUCT_NAME = "$(TARGET_NAME)";
				SWIFT_VERSION = 5.0;
				TARGETED_DEVICE_FAMILY = "1,2";
			};
			name = Debug;
		};
		513399A62390D3F9008E498B /* Release */ = {
			isa = XCBuildConfiguration;
			buildSettings = {
				ASSETCATALOG_COMPILER_APPICON_NAME = AppIcon;
				CODE_SIGN_STYLE = Automatic;
				DEVELOPMENT_TEAM = KB252EFQWT;
				INFOPLIST_FILE = ArtableAdmin/Info.plist;
				LD_RUNPATH_SEARCH_PATHS = (
					"$(inherited)",
					"@executable_path/Frameworks",
				);
				PRODUCT_BUNDLE_IDENTIFIER = com.sandeshshetty.ArtableAdmin;
				PRODUCT_NAME = "$(TARGET_NAME)";
				SWIFT_VERSION = 5.0;
				TARGETED_DEVICE_FAMILY = "1,2";
			};
			name = Release;
		};
/* End XCBuildConfiguration section */

/* Begin XCConfigurationList section */
		513399732390D349008E498B /* Build configuration list for PBXProject "Artable" */ = {
			isa = XCConfigurationList;
			buildConfigurations = (
				5133998A2390D351008E498B /* Debug */,
				5133998B2390D351008E498B /* Release */,
			);
			defaultConfigurationIsVisible = 0;
			defaultConfigurationName = Release;
		};
		5133998C2390D351008E498B /* Build configuration list for PBXNativeTarget "Artable" */ = {
			isa = XCConfigurationList;
			buildConfigurations = (
				5133998D2390D351008E498B /* Debug */,
				5133998E2390D351008E498B /* Release */,
			);
			defaultConfigurationIsVisible = 0;
			defaultConfigurationName = Release;
		};
		513399A42390D3F9008E498B /* Build configuration list for PBXNativeTarget "ArtableAdmin" */ = {
			isa = XCConfigurationList;
			buildConfigurations = (
				513399A52390D3F9008E498B /* Debug */,
				513399A62390D3F9008E498B /* Release */,
			);
			defaultConfigurationIsVisible = 0;
			defaultConfigurationName = Release;
		};
/* End XCConfigurationList section */
	};
	rootObject = 513399702390D349008E498B /* Project object */;
}
